PODS:
  - CitrusGraphics (1.1):
    - Kingfisher
  - CitrusPay (4.1.1):
    - CitrusGraphics
    - JSONModel
  - JSONModel (1.7.0)
  - Kingfisher (3.3.2)
  - PlugNPlay (1.0):
    - CitrusPay

DEPENDENCIES:
  - PlugNPlay (from `../../../../`)

EXTERNAL SOURCES:
  PlugNPlay:
    :path: ../../../../

SPEC CHECKSUMS:
  CitrusGraphics: 265090428f9fc6d07705a3399598975ca374fe16
  CitrusPay: 20c66b492d89421b27761fb010d986ce076471b2
  JSONModel: 840bc0fcffb24b8454d2c026bf26fea454b8e98d
  Kingfisher: 8e60094454aeb4746eb588eb57f794d891c6ea88
  PlugNPlay: 8815d3bf8c4686ac8d885e336b32bda0c4547b7e

PODFILE CHECKSUM: edb669c5e8931927ab44a0a57974846fedab1a29

COCOAPODS: 1.1.1
