PODS:
  - CitrusGraphics (1.1.1):
    - Kingfisher
  - CitrusPay (4.1.3):
    - CitrusGraphics
    - JSONModel
  - JSONModel (1.7.0)
  - Kingfisher (3.5.0)
  - PlugNPlay (1.1.0):
    - CitrusPay

DEPENDENCIES:
  - PlugNPlay (from `../../../../`)

EXTERNAL SOURCES:
  PlugNPlay:
    :path: ../../../../

SPEC CHECKSUMS:
  CitrusGraphics: df3096fc3a0475d378e0adf22ac8c21f3cf2b69b
  CitrusPay: 40020bfd4e533c1d68ed3c789aef8544aa61506c
  JSONModel: 840bc0fcffb24b8454d2c026bf26fea454b8e98d
  Kingfisher: 7c62087039d93d26c54c8dd9b0b588d2ce55cef6
  PlugNPlay: ffbf3268a21518fcf06ededa797cfc5f976ed854

PODFILE CHECKSUM: edb669c5e8931927ab44a0a57974846fedab1a29

COCOAPODS: 1.1.1
