PODS:
  - CitrusPay (3.5.0):
    - JSONModel
  - Crashlytics (3.6.0):
    - Fabric (~> 1.6.3)
  - Fabric (1.6.3)
  - JSONModel (1.2.0)

DEPENDENCIES:
  - CitrusPay (from `../../`)
  - Crashlytics
  - Fabric

EXTERNAL SOURCES:
  CitrusPay:
    :path: ../../

SPEC CHECKSUMS:
  CitrusPay: 1ebc47d0644648fab8eb9159aa5e07f8c3f74407
  Crashlytics: e4e8d02914f2608fbc7bf42b1a7af838b0db67a2
  Fabric: cbe0ca6c9531bba17910052f6f105fcbc5fa7f67
  JSONModel: 12523685c4b623553ccf844bbbf7007624317b2c

COCOAPODS: 0.39.0
