PODS:
  - CitrusPay (2.1.5)
  - Crashlytics (3.6.0):
    - Fabric (~> 1.6.3)
  - Fabric (1.6.3)

DEPENDENCIES:
  - CitrusPay (from `../../`)
  - Crashlytics
  - Fabric

EXTERNAL SOURCES:
  CitrusPay:
    :path: ../../

SPEC CHECKSUMS:
  CitrusPay: 59ebc567c47727851cedf04ea1f40b05b0a0724a
  Crashlytics: e4e8d02914f2608fbc7bf42b1a7af838b0db67a2
  Fabric: cbe0ca6c9531bba17910052f6f105fcbc5fa7f67

COCOAPODS: 0.39.0
