PODS:
  - CitrusGraphics (1.1):
    - Kingfisher
  - CitrusPay (4.1.0):
    - CitrusGraphics
    - JSONModel
  - JSONModel (1.7.0)
  - Kingfisher (3.2.4)

DEPENDENCIES:
  - CitrusGraphics (from `../../../../`)
  - CitrusPay (from `../../../../`)

EXTERNAL SOURCES:
  CitrusGraphics:
    :path: ../../../../
  CitrusPay:
    :path: ../../../../

SPEC CHECKSUMS:
  CitrusGraphics: 265090428f9fc6d07705a3399598975ca374fe16
  CitrusPay: 03293d1f98a579bfb1d9bc9b490db814c555cea9
  JSONModel: 840bc0fcffb24b8454d2c026bf26fea454b8e98d
  Kingfisher: 8d80f39da403cd9c9ee11984e1655f4d6a566cdb

PODFILE CHECKSUM: 38ec9d764221402e856cf045f380e4719a6a090b

COCOAPODS: 1.0.1
