PODS:
  - CitrusGraphics (1.1.1):
    - Kingfisher
  - CitrusPay (4.1.3):
    - CitrusGraphics
    - JSONModel
  - JSONModel (1.7.0)
  - Kingfisher (3.5.0)

DEPENDENCIES:
  - CitrusPay (from `../../../../`)

EXTERNAL SOURCES:
  CitrusPay:
    :path: ../../../../

SPEC CHECKSUMS:
  CitrusGraphics: df3096fc3a0475d378e0adf22ac8c21f3cf2b69b
  CitrusPay: f24ae6c0d734071509944440a95445e10fb66035
  JSONModel: 840bc0fcffb24b8454d2c026bf26fea454b8e98d
  Kingfisher: 7c62087039d93d26c54c8dd9b0b588d2ce55cef6

PODFILE CHECKSUM: c69b636c29d925eae2736c3e4ff124ed055a5649

COCOAPODS: 1.1.1
