PODS:
  - CitrusGraphics (1.1):
    - Kingfisher
  - CitrusPay (4.1.1):
    - CitrusGraphics
    - JSONModel
  - JSONModel (1.7.0)
  - Kingfisher (3.3.2)

DEPENDENCIES:
  - CitrusPay (from `../../../../`)

EXTERNAL SOURCES:
  CitrusPay:
    :path: ../../../../

SPEC CHECKSUMS:
  CitrusGraphics: 265090428f9fc6d07705a3399598975ca374fe16
  CitrusPay: 25c0d32de44997d808314765a3757f9c37310a35
  JSONModel: 840bc0fcffb24b8454d2c026bf26fea454b8e98d
  Kingfisher: 8e60094454aeb4746eb588eb57f794d891c6ea88

PODFILE CHECKSUM: c69b636c29d925eae2736c3e4ff124ed055a5649

COCOAPODS: 1.1.1
