PODS:
  - CitrusGraphics (1.1.1):
    - Kingfisher
  - CitrusPay (4.1.1):
    - CitrusGraphics
    - JSONModel
  - JSONModel (1.7.0)
  - Kingfisher (3.3.2)

DEPENDENCIES:
  - CitrusGraphics (from `../../../../`)
  - CitrusPay (from `../../../../`)

EXTERNAL SOURCES:
  CitrusGraphics:
    :path: ../../../../
  CitrusPay:
    :path: ../../../../

SPEC CHECKSUMS:
  CitrusGraphics: 7063b13249382c8519de15df8930f061a32fc6eb
  CitrusPay: 25c0d32de44997d808314765a3757f9c37310a35
  JSONModel: 840bc0fcffb24b8454d2c026bf26fea454b8e98d
  Kingfisher: 8e60094454aeb4746eb588eb57f794d891c6ea88

PODFILE CHECKSUM: 38ec9d764221402e856cf045f380e4719a6a090b

COCOAPODS: 1.1.1
