PODS:
  - CitrusGraphics (1.1):
    - Kingfisher
  - CitrusPay (4.1.1):
    - CitrusGraphics
    - JSONModel
  - JSONModel (1.7.0)
  - Kingfisher (3.3.2)
  - LazyPay (1.0):
    - CitrusPay

DEPENDENCIES:
  - LazyPay (from `../../../../`)

EXTERNAL SOURCES:
  LazyPay:
    :path: ../../../../

SPEC CHECKSUMS:
  CitrusGraphics: 265090428f9fc6d07705a3399598975ca374fe16
  CitrusPay: 20c66b492d89421b27761fb010d986ce076471b2
  JSONModel: 840bc0fcffb24b8454d2c026bf26fea454b8e98d
  Kingfisher: 8e60094454aeb4746eb588eb57f794d891c6ea88
  LazyPay: 8223e4acaab3a4ae26b2266b52115da1c822a655

PODFILE CHECKSUM: fcc231299fd690eab5556de7420f26a38761dff1

COCOAPODS: 1.1.1
