PODS:
  - CitrusPay (3.6.3):
    - JSONModel
  - JSONModel (1.3.0)

DEPENDENCIES:
  - CitrusPay (~> 3.6.3)

SPEC CHECKSUMS:
  CitrusPay: 9e560a95f63da765e094f00fba32c93e294c9081
  JSONModel: 81c06ecf99190a25fa6aafceea5faffa7880868a

PODFILE CHECKSUM: 1ff7e77ee51f51b5c7edad78b2a01d6afd52646d

COCOAPODS: 1.0.1
